# This file is automatically @generated by Cargo.
# It is not intended for manual editing.
version = 4

[[package]]
name = "axon_cli"
version = "0.1.0"
dependencies = [
 "axon_lexer",
 "axon_parser",
]

[[package]]
name = "axon_lexer"
version = "0.1.0"

[[package]]
name = "axon_parser"
version = "0.1.0"
dependencies = [
 "axon_lexer",
]
